dependencies:
- name: toolhive-operator-crds
  repository: oci://ghcr.io/stacklok/toolhive
  version: 0.49.0
- name: toolhive-operator
  repository: oci://ghcr.io/stacklok/toolhive
  version: 0.34.0
digest: sha256:f6415417fcceae4ac68ae6b5fe6be41d61f08bc2a9f3990951ce5a6570986aec
generated: "2026-09-11T21:06:07.127212221Z"
