dependencies:
- name: traefik
  repository: https://traefik.github.io/charts
  version: 34.4.1
- name: appset-traefik
  repository: https://ownyourio.github.io/SpencersLab/
  version: 1.1.4
- name: crowdsec
  repository: https://crowdsecurity.github.io/helm-charts
  version: 0.19.2
digest: sha256:3ed4d13f5c956f769046a6eafbe1a3067497f7747b9853feae3fb40cf6a6590e
generated: "2025-04-18T23:55:25.559122924Z"
