dependencies:
- name: traefik
  repository: https://traefik.github.io/charts
  version: 35.4.0
- name: appset-traefik
  repository: https://ownyourio.github.io/SpencersLab/
  version: 1.1.4
- name: crowdsec
  repository: https://crowdsecurity.github.io/helm-charts
  version: 0.19.3
digest: sha256:e54a6bdd4f4ae0a887ddc3eef3d735d1d1dc6609f6ad72526422df4bf9e0d465
generated: "2025-06-08T17:59:50.337059337Z"
