dependencies:
- name: traefik
  repository: https://traefik.github.io/charts
  version: 35.0.1
- name: appset-traefik
  repository: https://ownyourio.github.io/SpencersLab/
  version: 1.1.4
- name: crowdsec
  repository: https://crowdsecurity.github.io/helm-charts
  version: 0.19.3
digest: sha256:bfbcd0b842ca17a112e31425a78261f26628f0256aec362ad65c899b9af836c1
generated: "2025-06-08T11:44:32.774806735-06:00"
