dependencies:
- name: cloudnative-pg
  repository: https://cloudnative-pg.github.io/charts
  version: 0.26.0
- name: samba
  repository: https://ownyourio.github.io/SpencersLab/
  version: 1.0.14
digest: sha256:a5a972af4f0fb54bdae969b1f42a6fffe7aee91747313a7cbc11756ca988209e
generated: "2026-02-15T11:25:38.679452927-07:00"
