dependencies:
- name: seaweedfs
  repository: https://ownyourio.github.io/SpencersLab/
  version: 4.0.3759
- name: seaweedfs-csi-driver
  repository: https://seaweedfs.github.io/seaweedfs-csi-driver/helm
  version: 0.2.2
- name: appset-infra
  repository: https://ownyourio.github.io/SpencersLab/
  version: 1.1.31
- name: keycloakx
  repository: https://codecentric.github.io/helm-charts
  version: 6.0.0
- name: 389ds
  repository: https://ownyourio.github.io/SpencersLab/
  version: 1.0.6
- name: samba
  repository: https://ownyourio.github.io/SpencersLab/
  version: 1.0.7
digest: sha256:773d39c292e8552137ba7eb8435c08de8a53a0a55def9773875d5aceba214c4b
generated: "2025-01-04T00:15:19.099346574Z"
