dependencies:
- name: traefik
  repository: https://traefik.github.io/charts
  version: 36.1.0
- name: appset-traefik-zerotrust
  repository: https://ownyourio.github.io/SpencersLab/
  version: 1.1.3
digest: sha256:c18baedf95759df047db6b9993bb6d1e0e29c20d57eb0d1e16012db3c5cbd23c
generated: "2025-06-11T08:09:27.900561046Z"
