dependencies:
- name: seaweedfs
  repository: https://seaweedfs.github.io/seaweedfs/helm
  version: 4.0.390
- name: gitea
  repository: https://dl.gitea.com/charts/
  version: 12.0.0
- name: backups-appset
  repository: https://ownyourio.github.io/SpencersLab/
  version: 1.1.1
digest: sha256:08a08d1bf72d8ad68427cbf437fbd1b4accad3993ec66bed64e6d12bca814c60
generated: "2025-06-09T04:53:13.613491525Z"
