dependencies:
- name: seaweedfs
  repository: https://seaweedfs.github.io/seaweedfs/helm
  version: 4.0.390
- name: gitea
  repository: https://dl.gitea.com/charts/
  version: 12.1.3
- name: backups-appset
  repository: https://ownyourio.github.io/SpencersLab/
  version: 1.1.1
digest: sha256:b24e158171921875dda0c54811f7a7f43c0f7d620333d9bd16d5bbf45c902946
generated: "2025-08-09T16:59:03.351049338Z"
