dependencies:
- name: seaweedfs
  repository: https://seaweedfs.github.io/seaweedfs/helm
  version: 4.0.407
- name: gitea
  repository: https://dl.gitea.com/charts/
  version: 12.5.0
- name: backups-appset
  repository: https://ownyourio.github.io/SpencersLab/
  version: 1.1.1
digest: sha256:8fcd9fc1ea36e96f489846a73dbab66cc53b6f6dd8fdec8d968396dbfc52a6f4
generated: "2026-01-27T02:20:34.185067227Z"
