dependencies:
- name: argocd
  repository: https://ownyourio.github.io/SpencersLab/
  version: 1.0.27
- name: cert-manager
  repository: https://charts.jetstack.io
  version: v1.15.1
- name: external-secrets
  repository: https://charts.external-secrets.io
  version: 0.9.10
digest: sha256:db26b440840eb99f5b7e1bc8c948d02734a1548eb5cc27e6506c840b282a127b
generated: "2024-06-26T18:44:02.882217834Z"
