dependencies:
- name: seaweedfs
  repository: https://seaweedfs.github.io/seaweedfs/helm
  version: 4.0.390
- name: personal-appset
  repository: https://ownyourio.github.io/SpencersLab/
  version: 1.1.1
digest: sha256:96bd96b5a1843d015db49fe12d2faf8648f35e4436ce9f784813b40326401778
generated: "2025-06-09T04:54:08.439281505Z"
