dependencies:
- name: traefik
  repository: https://traefik.github.io/charts
  version: 37.4.0
- name: crowdsec
  repository: https://crowdsecurity.github.io/helm-charts
  version: 0.20.1
digest: sha256:8bd0c3d34d2969f62e4558a65c7227c0b0ffdc4a90a8ac66c631a6916456805a
generated: "2026-01-20T09:00:06.848625289Z"
