dependencies:
- name: argo-cd
  repository: https://argoproj.github.io/argo-helm
  version: 7.9.1
- name: cert-manager
  repository: https://charts.jetstack.io
  version: v1.17.1
digest: sha256:596cccd631995e3f75ad86435067ea0336aa5c2a66cdc9a5e995757ec9157b06
generated: "2025-05-06T10:47:35.918986188Z"
