dependencies:
- name: argo-cd
  repository: https://argoproj.github.io/argo-helm
  version: 9.7.1
- name: cert-manager
  repository: https://charts.jetstack.io
  version: v1.19.3
digest: sha256:7d698b3c5b2172fdc6533f582edacc91d47bfb8717dbf7838ea88904225e1f2c
generated: "2026-07-16T18:43:37.972854432Z"
