dependencies:
- name: appset-proxy-remote
  repository: https://ownyourio.github.io/SpencersLab/
  version: 1.1.18
- name: app-template
  repository: https://bjw-s-labs.github.io/helm-charts/
  version: 4.1.2
digest: sha256:14c211c461bec6fdccbad88484a1aaaae767249a085b82846215349565e5e2fc
generated: "2025-07-25T03:43:36.921867031Z"
