dependencies:
- name: appset-proxy-remote
  repository: https://ownyourio.github.io/SpencersLab/
  version: 1.1.18
- name: app-template
  repository: https://bjw-s.github.io/helm-charts/
  version: 3.7.3
digest: sha256:d8afe2ca9b162029344de46ff66b97d2c859756a91385fdc46c74cfb211eeb5d
generated: "2025-04-19T02:35:21.607991908Z"
