dependencies:
- name: appset-proxy-remote
  repository: https://ownyourio.github.io/SpencersLab/
  version: 1.1.18
- name: app-template
  repository: https://bjw-s-labs.github.io/helm-charts/
  version: 4.2.0
digest: sha256:81731377c6db3a4ce079febc7b8a8d0616f422012eab7dd15af1ee4a5416aa14
generated: "2025-07-31T04:51:57.942180774Z"
