dependencies:
- name: appset-proxy-local
  repository: https://ownyourio.github.io/SpencersLab/
  version: 1.1.27
- name: seaweedfs-csi-driver
  repository: https://seaweedfs.github.io/seaweedfs-csi-driver/helm
  version: 0.2.2
- name: external-dns
  repository: https://kubernetes-sigs.github.io/external-dns/
  version: 1.16.1
- name: app-template
  repository: https://bjw-s-labs.github.io/helm-charts/
  version: 4.0.1
- name: app-template
  repository: https://bjw-s-labs.github.io/helm-charts/
  version: 4.0.1
- name: app-template
  repository: https://bjw-s-labs.github.io/helm-charts/
  version: 4.0.1
- name: app-template
  repository: https://bjw-s-labs.github.io/helm-charts/
  version: 4.0.1
digest: sha256:ab09a5618e7a8275bac2b841e993b9b03227e8e1822bd679392a6a7ad92225da
generated: "2025-06-08T07:25:57.393673576Z"
