dependencies:
- name: seaweedfs-csi-driver
  repository: https://seaweedfs.github.io/seaweedfs-csi-driver/helm
  version: 0.2.3
- name: external-dns
  repository: https://kubernetes-sigs.github.io/external-dns/
  version: 1.18.0
- name: app-template
  repository: https://bjw-s-labs.github.io/helm-charts/
  version: 4.2.0
- name: app-template
  repository: https://bjw-s-labs.github.io/helm-charts/
  version: 4.2.0
- name: app-template
  repository: https://bjw-s-labs.github.io/helm-charts/
  version: 4.2.0
- name: app-template
  repository: https://bjw-s-labs.github.io/helm-charts/
  version: 4.2.0
- name: app-template
  repository: https://bjw-s-labs.github.io/helm-charts/
  version: 4.2.0
digest: sha256:636e238d43e33ac8bddad16b734ea84607382e7857d7251d781bf339a294af81
generated: "2025-08-17T20:51:26.351658873-06:00"
