dependencies:
- name: external-dns
  repository: https://kubernetes-sigs.github.io/external-dns/
  version: 1.19.0
- name: app-template
  repository: https://bjw-s-labs.github.io/helm-charts/
  version: 4.3.0
- name: app-template
  repository: https://bjw-s-labs.github.io/helm-charts/
  version: 4.3.0
- name: app-template
  repository: https://bjw-s-labs.github.io/helm-charts/
  version: 4.3.0
- name: app-template
  repository: https://bjw-s-labs.github.io/helm-charts/
  version: 4.3.0
- name: app-template
  repository: https://bjw-s-labs.github.io/helm-charts/
  version: 4.3.0
digest: sha256:ea11158f2fd560b1554cc1dc6b71e5a4e4f2b9c65e197768dd0a16e20fbe9701
generated: "2026-01-29T20:23:08.352448791-07:00"
