dependencies:
- name: appset-media
  repository: https://ownyourio.github.io/SpencersLab/
  version: 1.1.6
- name: seaweedfs-csi-driver
  repository: https://seaweedfs.github.io/seaweedfs-csi-driver/helm
  version: 0.2.2
- name: app-template
  repository: https://bjw-s-labs.github.io/helm-charts/
  version: 4.1.0
- name: jellyseerr
  repository: https://bubylou.github.io/Arr-Stack
  version: 0.2.5
- name: lidarr
  repository: https://bubylou.github.io/Arr-Stack
  version: 0.3.5
- name: prowlarr
  repository: https://bubylou.github.io/Arr-Stack
  version: 0.3.5
- name: radarr
  repository: https://bubylou.github.io/Arr-Stack
  version: 0.3.6
- name: readarr
  repository: https://bubylou.github.io/Arr-Stack
  version: 0.3.5
- name: sonarr
  repository: https://bubylou.github.io/Arr-Stack
  version: 0.3.4
- name: app-template
  repository: https://bjw-s-labs.github.io/helm-charts/
  version: 4.1.0
digest: sha256:ecf48a23cb7f0250df479b95c2276f55714a9087105bd674ed6e39e95acd073e
generated: "2025-06-11T19:39:36.251561123Z"
