dependencies:
- name: app-template
  repository: https://bjw-s-labs.github.io/helm-charts/
  version: 4.6.2
- name: jellyseerr
  repository: https://bubylou.github.io/Arr-Stack
  version: 0.2.5
- name: lidarr
  repository: https://bubylou.github.io/Arr-Stack
  version: 0.3.5
- name: prowlarr
  repository: https://bubylou.github.io/Arr-Stack
  version: 0.3.5
- name: radarr
  repository: https://bubylou.github.io/Arr-Stack
  version: 0.3.6
- name: readarr
  repository: https://bubylou.github.io/Arr-Stack
  version: 0.3.5
- name: sonarr
  repository: https://bubylou.github.io/Arr-Stack
  version: 0.3.4
- name: app-template
  repository: https://bjw-s-labs.github.io/helm-charts/
  version: 4.6.2
digest: sha256:d9051e31dccfe77baa4b75b150670ce80194719b9803c97613bcfdc0ac76c91c
generated: "2026-02-15T18:05:43.770491156Z"
