dependencies:
- name: seaweedfs
  repository: https://seaweedfs.github.io/seaweedfs/helm
  version: 4.0.389
- name: grow-appset
  repository: https://ownyourio.github.io/SpencersLab/
  version: 1.1.2
digest: sha256:82ea6b3c16ea7b54912709ace772ac1061d4be48ccfb81b2f68295b0b214478e
generated: "2025-06-08T08:28:01.27774282Z"
