dependencies:
- name: seaweedfs-csi-driver
  repository: https://seaweedfs.github.io/seaweedfs-csi-driver/helm
  version: 0.2.3
- name: cloudnative-pg
  repository: https://cloudnative-pg.github.io/charts
  version: 0.26.0
- name: ollama
  repository: https://helm.otwld.com/
  version: 1.26.0
- name: open-webui
  repository: https://helm.openwebui.com/
  version: 7.2.0
- name: amd-gpu
  repository: https://rocm.github.io/k8s-device-plugin/
  version: 0.20.0
digest: sha256:07889d75ea715644515b7cbd92808fa624df84ff5d4d64b5c4880e0379eb91d1
generated: "2025-08-13T16:42:19.61462499Z"
