dependencies:
- name: seaweedfs-csi-driver
  repository: https://seaweedfs.github.io/seaweedfs-csi-driver/helm
  version: 0.2.3
- name: cloudnative-pg
  repository: https://cloudnative-pg.github.io/charts
  version: 0.25.0
- name: ollama
  repository: https://helm.otwld.com/
  version: 1.26.0
- name: open-webui
  repository: https://helm.openwebui.com/
  version: 7.7.0
- name: amd-gpu
  repository: https://rocm.github.io/k8s-device-plugin/
  version: 0.20.0
- name: coder
  repository: https://helm.coder.com/v2
  version: 2.25.1
digest: sha256:f98ebd0a1381369cd0dbeb2761a2150591e3b9892fff7b453179799923211cc6
generated: "2025-08-29T19:20:32.890778472Z"
