dependencies:
- name: seaweedfs-csi-driver
  repository: https://seaweedfs.github.io/seaweedfs-csi-driver/helm
  version: 0.2.3
- name: cloudnative-pg
  repository: https://cloudnative-pg.github.io/charts
  version: 0.25.0
- name: ollama
  repository: https://helm.otwld.com/
  version: 1.26.0
- name: open-webui
  repository: https://helm.openwebui.com/
  version: 7.2.0
- name: amd-gpu
  repository: https://rocm.github.io/k8s-device-plugin/
  version: 0.20.0
digest: sha256:b8e05f2760ab52552eccab1a28fabe23ccab9fb0656411e62bcd90945cca1c04
generated: "2025-08-13T00:32:44.858009541-06:00"
