dependencies:
- name: mosquitto
  repository: https://lmatfy.github.io/charts
  version: 0.1.1
- name: generic-device-plugin
  repository: https://ownyourio.github.io/SpencersLab/
  version: 1.0.25
- name: hyperion
  repository: https://ownyourio.github.io/SpencersLab/
  version: 1.0.23
- name: ledfx
  repository: https://ownyourio.github.io/SpencersLab/
  version: 1.0.21
- name: logitech-media-server
  repository: https://ownyourio.github.io/SpencersLab/
  version: 1.0.30
- name: snapcast
  repository: https://ownyourio.github.io/SpencersLab/
  version: 1.0.14
- name: app-template
  repository: https://bjw-s-labs.github.io/helm-charts/
  version: 5.0.1
- name: cloudnative-pg
  repository: https://cloudnative-pg.github.io/charts
  version: 0.27.1
- name: wekan
  repository: https://wekan.github.io/charts/
  version: 11.53.0
- name: wekan
  repository: https://wekan.github.io/charts/
  version: 11.53.0
- name: app-template
  repository: https://bjw-s-labs.github.io/helm-charts/
  version: 5.0.1
- name: app-template
  repository: https://bjw-s-labs.github.io/helm-charts/
  version: 5.0.1
- name: app-template
  repository: https://bjw-s-labs.github.io/helm-charts/
  version: 5.0.1
- name: app-template
  repository: https://bjw-s-labs.github.io/helm-charts/
  version: 5.0.1
- name: app-template
  repository: https://bjw-s-labs.github.io/helm-charts/
  version: 5.0.1
- name: app-template
  repository: https://bjw-s-labs.github.io/helm-charts/
  version: 5.0.1
digest: sha256:6d930ed2f6c5fc40ef8d56de3495ce1139d796a2428456ff1d9d32515c569c9d
generated: "2026-09-07T02:45:03.702974982Z"
