dependencies:
- name: appset-home
  repository: https://ownyourio.github.io/SpencersLab/
  version: 1.1.15
- name: seaweedfs-csi-driver
  repository: https://seaweedfs.github.io/seaweedfs-csi-driver/helm
  version: 0.2.2
- name: mosquitto
  repository: https://lmatfy.github.io/charts
  version: 0.1.1
- name: generic-device-plugin
  repository: https://ownyourio.github.io/SpencersLab/
  version: 1.0.18
- name: zigbee2mqtt
  repository: https://ownyourio.github.io/SpencersLab/
  version: 1.0.52
- name: hyperion
  repository: https://ownyourio.github.io/SpencersLab/
  version: 1.0.16
- name: ledfx
  repository: https://ownyourio.github.io/SpencersLab/
  version: 1.0.15
- name: logitech-media-server
  repository: https://ownyourio.github.io/SpencersLab/
  version: 1.0.22
- name: snapcast
  repository: https://ownyourio.github.io/SpencersLab/
  version: 1.0.7
- name: app-template
  repository: https://bjw-s.github.io/helm-charts/
  version: 3.7.3
- name: cloudnative-pg
  repository: https://cloudnative-pg.github.io/charts
  version: 0.23.2
- name: wekan
  repository: https://wekan.github.io/charts/
  version: 7.84.0
- name: wekan
  repository: https://wekan.github.io/charts/
  version: 7.84.0
digest: sha256:16bc1b68d7bbde47e1924c9b03946a6aefbb4511f4b4a864588f2c131f6d577f
generated: "2025-04-19T04:57:10.064231001Z"
