dependencies:
- name: home-appset
  repository: https://ownyourio.github.io/SpencersLab/
  version: 1.1.9
- name: seaweedfs-csi-driver
  repository: https://seaweedfs.github.io/seaweedfs-csi-driver/helm
  version: 0.2.2
- name: mosquitto
  repository: https://lmatfy.github.io/charts
  version: 0.1.1
- name: generic-device-plugin
  repository: https://ownyourio.github.io/SpencersLab/
  version: 1.0.13
- name: zigbee2mqtt
  repository: https://ownyourio.github.io/SpencersLab/
  version: 1.0.37
- name: hyperion
  repository: https://ownyourio.github.io/SpencersLab/
  version: 1.0.11
- name: ledfx
  repository: https://ownyourio.github.io/SpencersLab/
  version: 1.0.10
- name: logitech-media-server
  repository: https://ownyourio.github.io/SpencersLab/
  version: 1.0.14
- name: snapcast
  repository: https://ownyourio.github.io/SpencersLab/
  version: 1.0.2
digest: sha256:efdd3a901a4b4224772fe32fcece19e31ff6a2c508dcd4114f62247d66e0125f
generated: "2024-09-30T00:30:03.998552513Z"
