dependencies:
- name: kube-prometheus-stack
  repository: https://prometheus-community.github.io/helm-charts
  version: 69.8.2
- name: loki-stack
  repository: https://grafana.github.io/helm-charts
  version: 2.10.2
- name: appset-monitoring
  repository: https://ownyourio.github.io/SpencersLab/
  version: 1.1.14
- name: exporter-mikrotik
  repository: https://ownyourio.github.io/SpencersLab/
  version: 1.0.14
- name: grafana
  repository: https://grafana.github.io/helm-charts/
  version: 8.10.1
digest: sha256:d3c682740fa03693b09d7302667f1105dc32f634cca8a65fb0bdd55f3d88d014
generated: "2025-03-09T14:41:43.757184317Z"
