dependencies:
- name: kube-prometheus-stack
  repository: https://prometheus-community.github.io/helm-charts
  version: 69.7.3
- name: loki-stack
  repository: https://grafana.github.io/helm-charts
  version: 2.10.2
- name: appset-monitoring
  repository: https://ownyourio.github.io/SpencersLab/
  version: 1.1.14
- name: exporter-mikrotik
  repository: https://ownyourio.github.io/SpencersLab/
  version: 1.0.14
- name: grafana
  repository: https://grafana.github.io/helm-charts/
  version: 8.10.1
digest: sha256:f9ed1294667d5f44c353a4b33264ff0cfa1455107802503fd61b49d8453adf7c
generated: "2025-03-05T15:12:46.222768912Z"
