dependencies:
- name: kube-prometheus-stack
  repository: https://prometheus-community.github.io/helm-charts
  version: 76.2.0
- name: loki-stack
  repository: https://grafana.github.io/helm-charts
  version: 2.10.2
- name: exporter-mikrotik
  repository: https://ownyourio.github.io/SpencersLab/
  version: 1.0.20
- name: grafana
  repository: https://grafana.github.io/helm-charts/
  version: 9.3.1
digest: sha256:5602dfd76b84462930ec70231ff3583016f91cecbc28b2afa5ad4b24bade74ea
generated: "2025-08-09T23:05:44.312004828Z"
